// !$*UTF8*$!
{
	archiveVersion = 1;
	classes = {
	};
	objectVersion = 46;
	objects = {

/* Begin PBXBuildFile section */
		2D9F4CE41F444011000681B2 /* main.m in Sources */ = {isa = PBXBuildFile; fileRef = 2D9F4CE31F444011000681B2 /* main.m */; };
		2D9F4CE71F444011000681B2 /* AppDelegate.m in Sources */ = {isa = PBXBuildFile; fileRef = 2D9F4CE61F444011000681B2 /* AppDelegate.m */; };
		2D9F4CEA1F444011000681B2 /* ViewController.m in Sources */ = {isa = PBXBuildFile; fileRef = 2D9F4CE91F444011000681B2 /* ViewController.m */; };
		2D9F4CED1F444011000681B2 /* Main.storyboard in Resources */ = {isa = PBXBuildFile; fileRef = 2D9F4CEB1F444011000681B2 /* Main.storyboard */; };
		2D9F4CEF1F444011000681B2 /* Assets.xcassets in Resources */ = {isa = PBXBuildFile; fileRef = 2D9F4CEE1F444011000681B2 /* Assets.xcassets */; };
		2D9F4CF21F444011000681B2 /* LaunchScreen.storyboard in Resources */ = {isa = PBXBuildFile; fileRef = 2D9F4CF01F444011000681B2 /* LaunchScreen.storyboard */; };
		2D9F4D041F44464A000681B2 /* NSObject+Method.m in Sources */ = {isa = PBXBuildFile; fileRef = 2D9F4D031F44464A000681B2 /* NSObject+Method.m */; };
		2D9F4D071F444756000681B2 /* NSArray+Index.m in Sources */ = {isa = PBXBuildFile; fileRef = 2D9F4D061F444756000681B2 /* NSArray+Index.m */; };
/* End PBXBuildFile section */

/* Begin PBXFileReference section */
		2D9F4CDF1F444011000681B2 /* Array-Range.app */ = {isa = PBXFileReference; explicitFileType = wrapper.application; includeInIndex = 0; path = "Array-Range.app"; sourceTree = BUILT_PRODUCTS_DIR; };
		2D9F4CE31F444011000681B2 /* main.m */ = {isa = PBXFileReference; lastKnownFileType = sourcecode.c.objc; path = main.m; sourceTree = "<group>"; };
		2D9F4CE51F444011000681B2 /* AppDelegate.h */ = {isa = PBXFileReference; lastKnownFileType = sourcecode.c.h; path = AppDelegate.h; sourceTree = "<group>"; };
		2D9F4CE61F444011000681B2 /* AppDelegate.m */ = {isa = PBXFileReference; lastKnownFileType = sourcecode.c.objc; path = AppDelegate.m; sourceTree = "<group>"; };
		2D9F4CE81F444011000681B2 /* ViewController.h */ = {isa = PBXFileReference; lastKnownFileType = sourcecode.c.h; path = ViewController.h; sourceTree = "<group>"; };
		2D9F4CE91F444011000681B2 /* ViewController.m */ = {isa = PBXFileReference; lastKnownFileType = sourcecode.c.objc; path = ViewController.m; sourceTree = "<group>"; };
		2D9F4CEC1F444011000681B2 /* Base */ = {isa = PBXFileReference; lastKnownFileType = file.storyboard; name = Base; path = Base.lproj/Main.storyboard; sourceTree = "<group>"; };
		2D9F4CEE1F444011000681B2 /* Assets.xcassets */ = {isa = PBXFileReference; lastKnownFileType = folder.assetcatalog; path = Assets.xcassets; sourceTree = "<group>"; };
		2D9F4CF11F444011000681B2 /* Base */ = {isa = PBXFileReference; lastKnownFileType = file.storyboard; name = Base; path = Base.lproj/LaunchScreen.storyboard; sourceTree = "<group>"; };
		2D9F4CF31F444011000681B2 /* Info.plist */ = {isa = PBXFileReference; lastKnownFileType = text.plist.xml; path = Info.plist; sourceTree = "<group>"; };
		2D9F4D021F44464A000681B2 /* NSObject+Method.h */ = {isa = PBXFileReference; fileEncoding = 4; lastKnownFileType = sourcecode.c.h; path = "NSObject+Method.h"; sourceTree = "<group>"; };
		2D9F4D031F44464A000681B2 /* NSObject+Method.m */ = {isa = PBXFileReference; fileEncoding = 4; lastKnownFileType = sourcecode.c.objc; path = "NSObject+Method.m"; sourceTree = "<group>"; };
		2D9F4D051F444756000681B2 /* NSArray+Index.h */ = {isa = PBXFileReference; fileEncoding = 4; lastKnownFileType = sourcecode.c.h; path = "NSArray+Index.h"; sourceTree = "<group>"; };
		2D9F4D061F444756000681B2 /* NSArray+Index.m */ = {isa = PBXFileReference; fileEncoding = 4; lastKnownFileType = sourcecode.c.objc; path = "NSArray+Index.m"; sourceTree = "<group>"; };
/* End PBXFileReference section */

/* Begin PBXFrameworksBuildPhase section */
		2D9F4CDC1F444011000681B2 /* Frameworks */ = {
			isa = PBXFrameworksBuildPhase;
			buildActionMask = 2147483647;
			files = (
			);
			runOnlyForDeploymentPostprocessing = 0;
		};
/* End PBXFrameworksBuildPhase section */

/* Begin PBXGroup section */
		2D9F4CD61F444011000681B2 = {
			isa = PBXGroup;
			children = (
				2D9F4CE11F444011000681B2 /* Array-Range */,
				2D9F4CE01F444011000681B2 /* Products */,
			);
			sourceTree = "<group>";
		};
		2D9F4CE01F444011000681B2 /* Products */ = {
			isa = PBXGroup;
			children = (
				2D9F4CDF1F444011000681B2 /* Array-Range.app */,
			);
			name = Products;
			sourceTree = "<group>";
		};
		2D9F4CE11F444011000681B2 /* Array-Range */ = {
			isa = PBXGroup;
			children = (
				2D9F4CE51F444011000681B2 /* AppDelegate.h */,
				2D9F4CE61F444011000681B2 /* AppDelegate.m */,
				2D9F4CE81F444011000681B2 /* ViewController.h */,
				2D9F4CE91F444011000681B2 /* ViewController.m */,
				2D9F4D021F44464A000681B2 /* NSObject+Method.h */,
				2D9F4D031F44464A000681B2 /* NSObject+Method.m */,
				2D9F4D051F444756000681B2 /* NSArray+Index.h */,
				2D9F4D061F444756000681B2 /* NSArray+Index.m */,
				2D9F4CEB1F444011000681B2 /* Main.storyboard */,
				2D9F4CEE1F444011000681B2 /* Assets.xcassets */,
				2D9F4CF01F444011000681B2 /* LaunchScreen.storyboard */,
				2D9F4CF31F444011000681B2 /* Info.plist */,
				2D9F4CE21F444011000681B2 /* Supporting Files */,
			);
			path = "Array-Range";
			sourceTree = "<group>";
		};
		2D9F4CE21F444011000681B2 /* Supporting Files */ = {
			isa = PBXGroup;
			children = (
				2D9F4CE31F444011000681B2 /* main.m */,
			);
			name = "Supporting Files";
			sourceTree = "<group>";
		};
/* End PBXGroup section */

/* Begin PBXNativeTarget section */
		2D9F4CDE1F444011000681B2 /* Array-Range */ = {
			isa = PBXNativeTarget;
			buildConfigurationList = 2D9F4CF61F444011000681B2 /* Build configuration list for PBXNativeTarget "Array-Range" */;
			buildPhases = (
				2D9F4CDB1F444011000681B2 /* Sources */,
				2D9F4CDC1F444011000681B2 /* Frameworks */,
				2D9F4CDD1F444011000681B2 /* Resources */,
			);
			buildRules = (
			);
			dependencies = (
			);
			name = "Array-Range";
			productName = "Array-Range";
			productReference = 2D9F4CDF1F444011000681B2 /* Array-Range.app */;
			productType = "com.apple.product-type.application";
		};
/* End PBXNativeTarget section */

/* Begin PBXProject section */
		2D9F4CD71F444011000681B2 /* Project object */ = {
			isa = PBXProject;
			attributes = {
				LastUpgradeCheck = 0830;
				ORGANIZATIONNAME = "陈旭";
				TargetAttributes = {
					2D9F4CDE1F444011000681B2 = {
						CreatedOnToolsVersion = 8.3.2;
						ProvisioningStyle = Automatic;
					};
				};
			};
			buildConfigurationList = 2D9F4CDA1F444011000681B2 /* Build configuration list for PBXProject "Array-Range" */;
			compatibilityVersion = "Xcode 3.2";
			developmentRegion = English;
			hasScannedForEncodings = 0;
			knownRegions = (
				en,
				Base,
			);
			mainGroup = 2D9F4CD61F444011000681B2;
			productRefGroup = 2D9F4CE01F444011000681B2 /* Products */;
			projectDirPath = "";
			projectRoot = "";
			targets = (
				2D9F4CDE1F444011000681B2 /* Array-Range */,
			);
		};
/* End PBXProject section */

/* Begin PBXResourcesBuildPhase section */
		2D9F4CDD1F444011000681B2 /* Resources */ = {
			isa = PBXResourcesBuildPhase;
			buildActionMask = 2147483647;
			files = (
				2D9F4CF21F444011000681B2 /* LaunchScreen.storyboard in Resources */,
				2D9F4CEF1F444011000681B2 /* Assets.xcassets in Resources */,
				2D9F4CED1F444011000681B2 /* Main.storyboard in Resources */,
			);
			runOnlyForDeploymentPostprocessing = 0;
		};
/* End PBXResourcesBuildPhase section */

/* Begin PBXSourcesBuildPhase section */
		2D9F4CDB1F444011000681B2 /* Sources */ = {
			isa = PBXSourcesBuildPhase;
			buildActionMask = 2147483647;
			files = (
				2D9F4CEA1F444011000681B2 /* ViewController.m in Sources */,
				2D9F4CE71F444011000681B2 /* AppDelegate.m in Sources */,
				2D9F4D071F444756000681B2 /* NSArray+Index.m in Sources */,
				2D9F4D041F44464A000681B2 /* NSObject+Method.m in Sources */,
				2D9F4CE41F444011000681B2 /* main.m in Sources */,
			);
			runOnlyForDeploymentPostprocessing = 0;
		};
/* End PBXSourcesBuildPhase section */

/* Begin PBXVariantGroup section */
		2D9F4CEB1F444011000681B2 /* Main.storyboard */ = {
			isa = PBXVariantGroup;
			children = (
				2D9F4CEC1F444011000681B2 /* Base */,
			);
			name = Main.storyboard;
			sourceTree = "<group>";
		};
		2D9F4CF01F444011000681B2 /* LaunchScreen.storyboard */ = {
			isa = PBXVariantGroup;
			children = (
				2D9F4CF11F444011000681B2 /* Base */,
			);
			name = LaunchScreen.storyboard;
			sourceTree = "<group>";
		};
/* End PBXVariantGroup section */

/* Begin XCBuildConfiguration section */
		2D9F4CF41F444011000681B2 /* Debug */ = {
			isa = XCBuildConfiguration;
			buildSettings = {
				ALWAYS_SEARCH_USER_PATHS = NO;
				CLANG_ANALYZER_NONNULL = YES;
				CLANG_ANALYZER_NUMBER_OBJECT_CONVERSION = YES_AGGRESSIVE;
				CLANG_CXX_LANGUAGE_STANDARD = "gnu++0x";
				CLANG_CXX_LIBRARY = "libc++";
				CLANG_ENABLE_MODULES = YES;
				CLANG_ENABLE_OBJC_ARC = YES;
				CLANG_WARN_BOOL_CONVERSION = YES;
				CLANG_WARN_CONSTANT_CONVERSION = YES;
				CLANG_WARN_DIRECT_OBJC_ISA_USAGE = YES_ERROR;
				CLANG_WARN_DOCUMENTATION_COMMENTS = YES;
				CLANG_WARN_EMPTY_BODY = YES;
				CLANG_WARN_ENUM_CONVERSION = YES;
				CLANG_WARN_INFINITE_RECURSION = YES;
				CLANG_WARN_INT_CONVERSION = YES;
				CLANG_WARN_OBJC_ROOT_CLASS = YES_ERROR;
				CLANG_WARN_SUSPICIOUS_MOVE = YES;
				CLANG_WARN_UNREACHABLE_CODE = YES;
				CLANG_WARN__DUPLICATE_METHOD_MATCH = YES;
				"CODE_SIGN_IDENTITY[sdk=iphoneos*]" = "iPhone Developer";
				COPY_PHASE_STRIP = NO;
				DEBUG_INFORMATION_FORMAT = dwarf;
				ENABLE_STRICT_OBJC_MSGSEND = YES;
				ENABLE_TESTABILITY = YES;
				GCC_C_LANGUAGE_STANDARD = gnu99;
				GCC_DYNAMIC_NO_PIC = NO;
				GCC_NO_COMMON_BLOCKS = YES;
				GCC_OPTIMIZATION_LEVEL = 0;
				GCC_PREPROCESSOR_DEFINITIONS = (
					"DEBUG=1",
					"$(inherited)",
				);
				GCC_WARN_64_TO_32_BIT_CONVERSION = YES;
				GCC_WARN_ABOUT_RETURN_TYPE = YES_ERROR;
				GCC_WARN_UNDECLARED_SELECTOR = YES;
				GCC_WARN_UNINITIALIZED_AUTOS = YES_AGGRESSIVE;
				GCC_WARN_UNUSED_FUNCTION = YES;
				GCC_WARN_UNUSED_VARIABLE = YES;
				IPHONEOS_DEPLOYMENT_TARGET = 10.3;
				MTL_ENABLE_DEBUG_INFO = YES;
				ONLY_ACTIVE_ARCH = YES;
				SDKROOT = iphoneos;
			};
			name = Debug;
		};
		2D9F4CF51F444011000681B2 /* Release */ = {
			isa = XCBuildConfiguration;
			buildSettings = {
				ALWAYS_SEARCH_USER_PATHS = NO;
				CLANG_ANALYZER_NONNULL = YES;
				CLANG_ANALYZER_NUMBER_OBJECT_CONVERSION = YES_AGGRESSIVE;
				CLANG_CXX_LANGUAGE_STANDARD = "gnu++0x";
				CLANG_CXX_LIBRARY = "libc++";
				CLANG_ENABLE_MODULES = YES;
				CLANG_ENABLE_OBJC_ARC = YES;
				CLANG_WARN_BOOL_CONVERSION = YES;
				CLANG_WARN_CONSTANT_CONVERSION = YES;
				CLANG_WARN_DIRECT_OBJC_ISA_USAGE = YES_ERROR;
				CLANG_WARN_DOCUMENTATION_COMMENTS = YES;
				CLANG_WARN_EMPTY_BODY = YES;
				CLANG_WARN_ENUM_CONVERSION = YES;
				CLANG_WARN_INFINITE_RECURSION = YES;
				CLANG_WARN_INT_CONVERSION = YES;
				CLANG_WARN_OBJC_ROOT_CLASS = YES_ERROR;
				CLANG_WARN_SUSPICIOUS_MOVE = YES;
				CLANG_WARN_UNREACHABLE_CODE = YES;
				CLANG_WARN__DUPLICATE_METHOD_MATCH = YES;
				"CODE_SIGN_IDENTITY[sdk=iphoneos*]" = "iPhone Developer";
				COPY_PHASE_STRIP = NO;
				DEBUG_INFORMATION_FORMAT = "dwarf-with-dsym";
				ENABLE_NS_ASSERTIONS = NO;
				ENABLE_STRICT_OBJC_MSGSEND = YES;
				GCC_C_LANGUAGE_STANDARD = gnu99;
				GCC_NO_COMMON_BLOCKS = YES;
				GCC_WARN_64_TO_32_BIT_CONVERSION = YES;
				GCC_WARN_ABOUT_RETURN_TYPE = YES_ERROR;
				GCC_WARN_UNDECLARED_SELECTOR = YES;
				GCC_WARN_UNINITIALIZED_AUTOS = YES_AGGRESSIVE;
				GCC_WARN_UNUSED_FUNCTION = YES;
				GCC_WARN_UNUSED_VARIABLE = YES;
				IPHONEOS_DEPLOYMENT_TARGET = 10.3;
				MTL_ENABLE_DEBUG_INFO = NO;
				SDKROOT = iphoneos;
				VALIDATE_PRODUCT = YES;
			};
			name = Release;
		};
		2D9F4CF71F444011000681B2 /* Debug */ = {
			isa = XCBuildConfiguration;
			buildSettings = {
				ASSETCATALOG_COMPILER_APPICON_NAME = AppIcon;
				INFOPLIST_FILE = "Array-Range/Info.plist";
				LD_RUNPATH_SEARCH_PATHS = "$(inherited) @executable_path/Frameworks";
				PRODUCT_BUNDLE_IDENTIFIER = "WOW.Array-Range";
				PRODUCT_NAME = "$(TARGET_NAME)";
			};
			name = Debug;
		};
		2D9F4CF81F444011000681B2 /* Release */ = {
			isa = XCBuildConfiguration;
			buildSettings = {
				ASSETCATALOG_COMPILER_APPICON_NAME = AppIcon;
				INFOPLIST_FILE = "Array-Range/Info.plist";
				LD_RUNPATH_SEARCH_PATHS = "$(inherited) @executable_path/Frameworks";
				PRODUCT_BUNDLE_IDENTIFIER = "WOW.Array-Range";
				PRODUCT_NAME = "$(TARGET_NAME)";
			};
			name = Release;
		};
/* End XCBuildConfiguration section */

/* Begin XCConfigurationList section */
		2D9F4CDA1F444011000681B2 /* Build configuration list for PBXProject "Array-Range" */ = {
			isa = XCConfigurationList;
			buildConfigurations = (
				2D9F4CF41F444011000681B2 /* Debug */,
				2D9F4CF51F444011000681B2 /* Release */,
			);
			defaultConfigurationIsVisible = 0;
			defaultConfigurationName = Release;
		};
		2D9F4CF61F444011000681B2 /* Build configuration list for PBXNativeTarget "Array-Range" */ = {
			isa = XCConfigurationList;
			buildConfigurations = (
				2D9F4CF71F444011000681B2 /* Debug */,
				2D9F4CF81F444011000681B2 /* Release */,
			);
			defaultConfigurationIsVisible = 0;
			defaultConfigurationName = Release;
		};
/* End XCConfigurationList section */
	};
	rootObject = 2D9F4CD71F444011000681B2 /* Project object */;
}
